
Microsoft Visual Studio Solution File, Format Version 12.00
# Visual Studio 15
VisualStudioVersion = 15.0.27130.0
MinimumVisualStudioVersion = 10.0.40219.1
Project("{FAE04EC0-301F-11D3-BF4B-00C04F79EFBC}") = "Sunnet.Cli.MainSite", "Sunnet.Cli.MainSite\Sunnet.Cli.MainSite.csproj", "{3B566BD8-2F00-47BC-85BC-F8946B43528E}"
EndProject
Project("{FAE04EC0-301F-11D3-BF4B-00C04F79EFBC}") = "Sunnet.Framework", "Sunnet.Framework\Sunnet.Framework.csproj", "{14A83FE3-67AB-4BD7-B171-870DE20F5BF1}"
EndProject
Project("{FAE04EC0-301F-11D3-BF4B-00C04F79EFBC}") = "Sunnet.Cli.Core", "Sunnet.Cli.Core\Sunnet.Cli.Core.csproj", "{AEF8D87A-9AF5-47E1-BD90-F77FC916AFFE}"
EndProject
Project("{FAE04EC0-301F-11D3-BF4B-00C04F79EFBC}") = "Sunnet.Cli.Impl", "Sunnet.Cli.Impl\Sunnet.Cli.Impl.csproj", "{0C8F14CA-5530-4A9D-9875-F1CF91974A88}"
EndProject
Project("{FAE04EC0-301F-11D3-BF4B-00C04F79EFBC}") = "Sunnet.Cli.Business", "Sunnet.Cli.Business\Sunnet.Cli.Business.csproj", "{C6616CA8-1F8A-403A-8726-0B333071DAD4}"
EndProject
Project("{FAE04EC0-301F-11D3-BF4B-00C04F79EFBC}") = "Sunnet.Cli.Static", "Sunnet.Cli.Static\Sunnet.Cli.Static.csproj", "{9AA07CE7-8533-47A8-AF6D-3818155FBAB5}"
EndProject
Project("{FAE04EC0-301F-11D3-BF4B-00C04F79EFBC}") = "Sunnet.Cli.Assessment", "Sunnet.Cli.Assessment\Sunnet.Cli.Assessment.csproj", "{93152120-2DC8-448C-B44C-23CE14993F4E}"
EndProject
Project("{2150E333-8FDC-42A3-9474-1A3956D46DE8}") = "Layers", "Layers", "{F6BF09A9-7191-4A22-B70E-C160939C26C4}"
EndProject
Project("{FAE04EC0-301F-11D3-BF4B-00C04F79EFBC}") = "Sunnet.Cli.UIBase", "Sunnet.Cli.UIBase\Sunnet.Cli.UIBase.csproj", "{81E9ACA3-4391-4FF4-ABDD-3C36E6989088}"
EndProject
Project("{FAE04EC0-301F-11D3-BF4B-00C04F79EFBC}") = "Sunnet.Cli.Sso", "Sunnet.Cli.Sso\Sunnet.Cli.Sso.csproj", "{FD67803D-E2FF-4C1C-B46C-2BE1D7CCC782}"
EndProject
Project("{FAE04EC0-301F-11D3-BF4B-00C04F79EFBC}") = "SqlServer", "SqlServer\SqlServer.csproj", "{7D77DF88-C77F-4260-AB1A-412424E5A981}"
EndProject
Project("{FAE04EC0-301F-11D3-BF4B-00C04F79EFBC}") = "Sunnet.Cli.Test", "Sunnet.Cli.Test\Sunnet.Cli.Test.csproj", "{2565FB4A-1431-4A63-83B7-EA01781D8C42}"
EndProject
Project("{FAE04EC0-301F-11D3-BF4B-00C04F79EFBC}") = "InvitationTeachers", "InvitationTeachers\InvitationTeachers.csproj", "{8A71F925-91CC-47BD-9580-82B9B006E3FB}"
EndProject
Project("{FAE04EC0-301F-11D3-BF4B-00C04F79EFBC}") = "Sunnet.Cli.Vcw", "Sunnet.Cli.Vcw\Sunnet.Cli.Vcw.csproj", "{EE8528D6-1EF5-4F60-86C3-ED8C9761AFB2}"
EndProject
Project("{2150E333-8FDC-42A3-9474-1A3956D46DE8}") = "App", "App", "{80DDD467-E2BC-486F-A043-F96F570CAF56}"
EndProject
Project("{FAE04EC0-301F-11D3-BF4B-00C04F79EFBC}") = "ReportQueue", "ReportQueue\ReportQueue.csproj", "{24BA43AE-3E5C-4B7C-AA17-0BDC73ED8370}"
EndProject
Project("{FAE04EC0-301F-11D3-BF4B-00C04F79EFBC}") = "SyncUserToLms", "SyncUserToLms\SyncUserToLms.csproj", "{7F7DE90B-50C3-4F5A-BE52-3279F6B6FABE}"
EndProject
Project("{FAE04EC0-301F-11D3-BF4B-00C04F79EFBC}") = "DataExport", "DataExport\DataExport.csproj", "{73ED8D33-B569-4147-86BA-545F7AB57D58}"
EndProject
Project("{2150E333-8FDC-42A3-9474-1A3956D46DE8}") = "Solution Items", "Solution Items", "{AC6A1ED4-ADE9-43AE-B59C-E15919A9E5BA}"
	ProjectSection(SolutionItems) = preProject
		..\..\..\webCLI\删除不需要发布的文件.bat = ..\..\..\webCLI\删除不需要发布的文件.bat
	EndProjectSection
EndProject
Project("{FAE04EC0-301F-11D3-BF4B-00C04F79EFBC}") = "BUP", "BUP\BUP.csproj", "{DEEEC98B-DC9D-4D09-950D-6B5FEC283389}"
EndProject
Project("{FAE04EC0-301F-11D3-BF4B-00C04F79EFBC}") = "TestExcel", "TestExcel\TestExcel.csproj", "{90C9D651-9B41-46DD-B962-AEDFDEFFCC6B}"
EndProject
Project("{FAE04EC0-301F-11D3-BF4B-00C04F79EFBC}") = "CpallsScore", "CpallsScore\CpallsScore.csproj", "{E49A53FE-531E-4D17-8CD7-86BEFE705DA1}"
EndProject
Project("{FAE04EC0-301F-11D3-BF4B-00C04F79EFBC}") = "TsdsXmlFile", "TsdsXmlFile\TsdsXmlFile.csproj", "{39A38478-56CE-4BA4-AB04-5A7C226FE8AF}"
EndProject
Project("{FAE04EC0-301F-11D3-BF4B-00C04F79EFBC}") = "Trs_ReScore", "Trs_ReScore\Trs_ReScore.csproj", "{C789B70E-1682-4625-B4AF-6EBE36A40CD4}"
EndProject
Project("{FAE04EC0-301F-11D3-BF4B-00C04F79EFBC}") = "CutpointRescoring", "CutpointRescoring\CutpointRescoring.csproj", "{5F69FD80-7336-4582-BE01-2E12D85ADAF5}"
EndProject
Project("{FAE04EC0-301F-11D3-BF4B-00C04F79EFBC}") = "Sunnet.Cli.Practice", "Sunnet.Cli.Practice\Sunnet.Cli.Practice.csproj", "{E9A96219-F3C7-417A-B92D-ABF5902B402E}"
EndProject
Project("{FAE04EC0-301F-11D3-BF4B-00C04F79EFBC}") = "RandomTest", "RandomTest\RandomTest.csproj", "{F0A2DE80-734D-4099-8A61-54828E247384}"
EndProject
Project("{FAE04EC0-301F-11D3-BF4B-00C04F79EFBC}") = "SyncTrainingRecord", "SyncTrainingRecord\SyncTrainingRecord.csproj", "{ECF983FC-9053-482A-93C7-E1300E62AAA8}"
EndProject
Project("{FAE04EC0-301F-11D3-BF4B-00C04F79EFBC}") = "DataManagement", "DataManagement\DataManagement.csproj", "{C659A369-DA54-46DE-BFDC-D96D340108F2}"
EndProject
Global
	GlobalSection(SolutionConfigurationPlatforms) = preSolution
		Debug|Any CPU = Debug|Any CPU
		Release|Any CPU = Release|Any CPU
	EndGlobalSection
	GlobalSection(ProjectConfigurationPlatforms) = postSolution
		{3B566BD8-2F00-47BC-85BC-F8946B43528E}.Debug|Any CPU.ActiveCfg = Debug|Any CPU
		{3B566BD8-2F00-47BC-85BC-F8946B43528E}.Debug|Any CPU.Build.0 = Debug|Any CPU
		{3B566BD8-2F00-47BC-85BC-F8946B43528E}.Release|Any CPU.ActiveCfg = Release|Any CPU
		{3B566BD8-2F00-47BC-85BC-F8946B43528E}.Release|Any CPU.Build.0 = Release|Any CPU
		{14A83FE3-67AB-4BD7-B171-870DE20F5BF1}.Debug|Any CPU.ActiveCfg = Debug|Any CPU
		{14A83FE3-67AB-4BD7-B171-870DE20F5BF1}.Debug|Any CPU.Build.0 = Debug|Any CPU
		{14A83FE3-67AB-4BD7-B171-870DE20F5BF1}.Release|Any CPU.ActiveCfg = Release|Any CPU
		{14A83FE3-67AB-4BD7-B171-870DE20F5BF1}.Release|Any CPU.Build.0 = Release|Any CPU
		{AEF8D87A-9AF5-47E1-BD90-F77FC916AFFE}.Debug|Any CPU.ActiveCfg = Debug|Any CPU
		{AEF8D87A-9AF5-47E1-BD90-F77FC916AFFE}.Debug|Any CPU.Build.0 = Debug|Any CPU
		{AEF8D87A-9AF5-47E1-BD90-F77FC916AFFE}.Release|Any CPU.ActiveCfg = Release|Any CPU
		{AEF8D87A-9AF5-47E1-BD90-F77FC916AFFE}.Release|Any CPU.Build.0 = Release|Any CPU
		{0C8F14CA-5530-4A9D-9875-F1CF91974A88}.Debug|Any CPU.ActiveCfg = Debug|Any CPU
		{0C8F14CA-5530-4A9D-9875-F1CF91974A88}.Debug|Any CPU.Build.0 = Debug|Any CPU
		{0C8F14CA-5530-4A9D-9875-F1CF91974A88}.Release|Any CPU.ActiveCfg = Release|Any CPU
		{0C8F14CA-5530-4A9D-9875-F1CF91974A88}.Release|Any CPU.Build.0 = Release|Any CPU
		{C6616CA8-1F8A-403A-8726-0B333071DAD4}.Debug|Any CPU.ActiveCfg = Debug|Any CPU
		{C6616CA8-1F8A-403A-8726-0B333071DAD4}.Debug|Any CPU.Build.0 = Debug|Any CPU
		{C6616CA8-1F8A-403A-8726-0B333071DAD4}.Release|Any CPU.ActiveCfg = Release|Any CPU
		{C6616CA8-1F8A-403A-8726-0B333071DAD4}.Release|Any CPU.Build.0 = Release|Any CPU
		{9AA07CE7-8533-47A8-AF6D-3818155FBAB5}.Debug|Any CPU.ActiveCfg = Debug|Any CPU
		{9AA07CE7-8533-47A8-AF6D-3818155FBAB5}.Debug|Any CPU.Build.0 = Debug|Any CPU
		{9AA07CE7-8533-47A8-AF6D-3818155FBAB5}.Release|Any CPU.ActiveCfg = Release|Any CPU
		{9AA07CE7-8533-47A8-AF6D-3818155FBAB5}.Release|Any CPU.Build.0 = Release|Any CPU
		{93152120-2DC8-448C-B44C-23CE14993F4E}.Debug|Any CPU.ActiveCfg = Debug|Any CPU
		{93152120-2DC8-448C-B44C-23CE14993F4E}.Debug|Any CPU.Build.0 = Debug|Any CPU
		{93152120-2DC8-448C-B44C-23CE14993F4E}.Release|Any CPU.ActiveCfg = Release|Any CPU
		{93152120-2DC8-448C-B44C-23CE14993F4E}.Release|Any CPU.Build.0 = Release|Any CPU
		{81E9ACA3-4391-4FF4-ABDD-3C36E6989088}.Debug|Any CPU.ActiveCfg = Debug|Any CPU
		{81E9ACA3-4391-4FF4-ABDD-3C36E6989088}.Debug|Any CPU.Build.0 = Debug|Any CPU
		{81E9ACA3-4391-4FF4-ABDD-3C36E6989088}.Release|Any CPU.ActiveCfg = Release|Any CPU
		{81E9ACA3-4391-4FF4-ABDD-3C36E6989088}.Release|Any CPU.Build.0 = Release|Any CPU
		{FD67803D-E2FF-4C1C-B46C-2BE1D7CCC782}.Debug|Any CPU.ActiveCfg = Debug|Any CPU
		{FD67803D-E2FF-4C1C-B46C-2BE1D7CCC782}.Debug|Any CPU.Build.0 = Debug|Any CPU
		{FD67803D-E2FF-4C1C-B46C-2BE1D7CCC782}.Release|Any CPU.ActiveCfg = Release|Any CPU
		{FD67803D-E2FF-4C1C-B46C-2BE1D7CCC782}.Release|Any CPU.Build.0 = Release|Any CPU
		{7D77DF88-C77F-4260-AB1A-412424E5A981}.Debug|Any CPU.ActiveCfg = Debug|Any CPU
		{7D77DF88-C77F-4260-AB1A-412424E5A981}.Debug|Any CPU.Build.0 = Debug|Any CPU
		{7D77DF88-C77F-4260-AB1A-412424E5A981}.Release|Any CPU.ActiveCfg = Release|Any CPU
		{7D77DF88-C77F-4260-AB1A-412424E5A981}.Release|Any CPU.Build.0 = Release|Any CPU
		{2565FB4A-1431-4A63-83B7-EA01781D8C42}.Debug|Any CPU.ActiveCfg = Debug|Any CPU
		{2565FB4A-1431-4A63-83B7-EA01781D8C42}.Debug|Any CPU.Build.0 = Debug|Any CPU
		{2565FB4A-1431-4A63-83B7-EA01781D8C42}.Release|Any CPU.ActiveCfg = Release|Any CPU
		{2565FB4A-1431-4A63-83B7-EA01781D8C42}.Release|Any CPU.Build.0 = Release|Any CPU
		{8A71F925-91CC-47BD-9580-82B9B006E3FB}.Debug|Any CPU.ActiveCfg = Debug|Any CPU
		{8A71F925-91CC-47BD-9580-82B9B006E3FB}.Debug|Any CPU.Build.0 = Debug|Any CPU
		{8A71F925-91CC-47BD-9580-82B9B006E3FB}.Release|Any CPU.ActiveCfg = Release|Any CPU
		{8A71F925-91CC-47BD-9580-82B9B006E3FB}.Release|Any CPU.Build.0 = Release|Any CPU
		{EE8528D6-1EF5-4F60-86C3-ED8C9761AFB2}.Debug|Any CPU.ActiveCfg = Debug|Any CPU
		{EE8528D6-1EF5-4F60-86C3-ED8C9761AFB2}.Debug|Any CPU.Build.0 = Debug|Any CPU
		{EE8528D6-1EF5-4F60-86C3-ED8C9761AFB2}.Release|Any CPU.ActiveCfg = Release|Any CPU
		{EE8528D6-1EF5-4F60-86C3-ED8C9761AFB2}.Release|Any CPU.Build.0 = Release|Any CPU
		{24BA43AE-3E5C-4B7C-AA17-0BDC73ED8370}.Debug|Any CPU.ActiveCfg = Debug|Any CPU
		{24BA43AE-3E5C-4B7C-AA17-0BDC73ED8370}.Debug|Any CPU.Build.0 = Debug|Any CPU
		{24BA43AE-3E5C-4B7C-AA17-0BDC73ED8370}.Release|Any CPU.ActiveCfg = Release|Any CPU
		{24BA43AE-3E5C-4B7C-AA17-0BDC73ED8370}.Release|Any CPU.Build.0 = Release|Any CPU
		{7F7DE90B-50C3-4F5A-BE52-3279F6B6FABE}.Debug|Any CPU.ActiveCfg = Debug|Any CPU
		{7F7DE90B-50C3-4F5A-BE52-3279F6B6FABE}.Debug|Any CPU.Build.0 = Debug|Any CPU
		{7F7DE90B-50C3-4F5A-BE52-3279F6B6FABE}.Release|Any CPU.ActiveCfg = Release|Any CPU
		{7F7DE90B-50C3-4F5A-BE52-3279F6B6FABE}.Release|Any CPU.Build.0 = Release|Any CPU
		{73ED8D33-B569-4147-86BA-545F7AB57D58}.Debug|Any CPU.ActiveCfg = Debug|Any CPU
		{73ED8D33-B569-4147-86BA-545F7AB57D58}.Debug|Any CPU.Build.0 = Debug|Any CPU
		{73ED8D33-B569-4147-86BA-545F7AB57D58}.Release|Any CPU.ActiveCfg = Release|Any CPU
		{73ED8D33-B569-4147-86BA-545F7AB57D58}.Release|Any CPU.Build.0 = Release|Any CPU
		{DEEEC98B-DC9D-4D09-950D-6B5FEC283389}.Debug|Any CPU.ActiveCfg = Debug|Any CPU
		{DEEEC98B-DC9D-4D09-950D-6B5FEC283389}.Debug|Any CPU.Build.0 = Debug|Any CPU
		{DEEEC98B-DC9D-4D09-950D-6B5FEC283389}.Release|Any CPU.ActiveCfg = Release|Any CPU
		{DEEEC98B-DC9D-4D09-950D-6B5FEC283389}.Release|Any CPU.Build.0 = Release|Any CPU
		{90C9D651-9B41-46DD-B962-AEDFDEFFCC6B}.Debug|Any CPU.ActiveCfg = Debug|Any CPU
		{90C9D651-9B41-46DD-B962-AEDFDEFFCC6B}.Debug|Any CPU.Build.0 = Debug|Any CPU
		{90C9D651-9B41-46DD-B962-AEDFDEFFCC6B}.Release|Any CPU.ActiveCfg = Release|Any CPU
		{90C9D651-9B41-46DD-B962-AEDFDEFFCC6B}.Release|Any CPU.Build.0 = Release|Any CPU
		{E49A53FE-531E-4D17-8CD7-86BEFE705DA1}.Debug|Any CPU.ActiveCfg = Debug|Any CPU
		{E49A53FE-531E-4D17-8CD7-86BEFE705DA1}.Debug|Any CPU.Build.0 = Debug|Any CPU
		{E49A53FE-531E-4D17-8CD7-86BEFE705DA1}.Release|Any CPU.ActiveCfg = Release|Any CPU
		{E49A53FE-531E-4D17-8CD7-86BEFE705DA1}.Release|Any CPU.Build.0 = Release|Any CPU
		{39A38478-56CE-4BA4-AB04-5A7C226FE8AF}.Debug|Any CPU.ActiveCfg = Debug|Any CPU
		{39A38478-56CE-4BA4-AB04-5A7C226FE8AF}.Debug|Any CPU.Build.0 = Debug|Any CPU
		{39A38478-56CE-4BA4-AB04-5A7C226FE8AF}.Release|Any CPU.ActiveCfg = Release|Any CPU
		{39A38478-56CE-4BA4-AB04-5A7C226FE8AF}.Release|Any CPU.Build.0 = Release|Any CPU
		{C789B70E-1682-4625-B4AF-6EBE36A40CD4}.Debug|Any CPU.ActiveCfg = Debug|Any CPU
		{C789B70E-1682-4625-B4AF-6EBE36A40CD4}.Debug|Any CPU.Build.0 = Debug|Any CPU
		{C789B70E-1682-4625-B4AF-6EBE36A40CD4}.Release|Any CPU.ActiveCfg = Release|Any CPU
		{C789B70E-1682-4625-B4AF-6EBE36A40CD4}.Release|Any CPU.Build.0 = Release|Any CPU
		{5F69FD80-7336-4582-BE01-2E12D85ADAF5}.Debug|Any CPU.ActiveCfg = Debug|Any CPU
		{5F69FD80-7336-4582-BE01-2E12D85ADAF5}.Debug|Any CPU.Build.0 = Debug|Any CPU
		{5F69FD80-7336-4582-BE01-2E12D85ADAF5}.Release|Any CPU.ActiveCfg = Release|Any CPU
		{5F69FD80-7336-4582-BE01-2E12D85ADAF5}.Release|Any CPU.Build.0 = Release|Any CPU
		{E9A96219-F3C7-417A-B92D-ABF5902B402E}.Debug|Any CPU.ActiveCfg = Debug|Any CPU
		{E9A96219-F3C7-417A-B92D-ABF5902B402E}.Debug|Any CPU.Build.0 = Debug|Any CPU
		{E9A96219-F3C7-417A-B92D-ABF5902B402E}.Release|Any CPU.ActiveCfg = Release|Any CPU
		{E9A96219-F3C7-417A-B92D-ABF5902B402E}.Release|Any CPU.Build.0 = Release|Any CPU
		{F0A2DE80-734D-4099-8A61-54828E247384}.Debug|Any CPU.ActiveCfg = Debug|Any CPU
		{F0A2DE80-734D-4099-8A61-54828E247384}.Debug|Any CPU.Build.0 = Debug|Any CPU
		{F0A2DE80-734D-4099-8A61-54828E247384}.Release|Any CPU.ActiveCfg = Release|Any CPU
		{F0A2DE80-734D-4099-8A61-54828E247384}.Release|Any CPU.Build.0 = Release|Any CPU
		{ECF983FC-9053-482A-93C7-E1300E62AAA8}.Debug|Any CPU.ActiveCfg = Debug|Any CPU
		{ECF983FC-9053-482A-93C7-E1300E62AAA8}.Debug|Any CPU.Build.0 = Debug|Any CPU
		{ECF983FC-9053-482A-93C7-E1300E62AAA8}.Release|Any CPU.ActiveCfg = Release|Any CPU
		{ECF983FC-9053-482A-93C7-E1300E62AAA8}.Release|Any CPU.Build.0 = Release|Any CPU
		{C659A369-DA54-46DE-BFDC-D96D340108F2}.Debug|Any CPU.ActiveCfg = Debug|Any CPU
		{C659A369-DA54-46DE-BFDC-D96D340108F2}.Debug|Any CPU.Build.0 = Debug|Any CPU
		{C659A369-DA54-46DE-BFDC-D96D340108F2}.Release|Any CPU.ActiveCfg = Release|Any CPU
		{C659A369-DA54-46DE-BFDC-D96D340108F2}.Release|Any CPU.Build.0 = Release|Any CPU
	EndGlobalSection
	GlobalSection(SolutionProperties) = preSolution
		HideSolutionNode = FALSE
	EndGlobalSection
	GlobalSection(NestedProjects) = preSolution
		{14A83FE3-67AB-4BD7-B171-870DE20F5BF1} = {F6BF09A9-7191-4A22-B70E-C160939C26C4}
		{AEF8D87A-9AF5-47E1-BD90-F77FC916AFFE} = {F6BF09A9-7191-4A22-B70E-C160939C26C4}
		{0C8F14CA-5530-4A9D-9875-F1CF91974A88} = {F6BF09A9-7191-4A22-B70E-C160939C26C4}
		{C6616CA8-1F8A-403A-8726-0B333071DAD4} = {F6BF09A9-7191-4A22-B70E-C160939C26C4}
		{2565FB4A-1431-4A63-83B7-EA01781D8C42} = {F6BF09A9-7191-4A22-B70E-C160939C26C4}
		{8A71F925-91CC-47BD-9580-82B9B006E3FB} = {80DDD467-E2BC-486F-A043-F96F570CAF56}
		{24BA43AE-3E5C-4B7C-AA17-0BDC73ED8370} = {80DDD467-E2BC-486F-A043-F96F570CAF56}
		{7F7DE90B-50C3-4F5A-BE52-3279F6B6FABE} = {80DDD467-E2BC-486F-A043-F96F570CAF56}
		{73ED8D33-B569-4147-86BA-545F7AB57D58} = {80DDD467-E2BC-486F-A043-F96F570CAF56}
		{DEEEC98B-DC9D-4D09-950D-6B5FEC283389} = {80DDD467-E2BC-486F-A043-F96F570CAF56}
		{90C9D651-9B41-46DD-B962-AEDFDEFFCC6B} = {80DDD467-E2BC-486F-A043-F96F570CAF56}
		{E49A53FE-531E-4D17-8CD7-86BEFE705DA1} = {80DDD467-E2BC-486F-A043-F96F570CAF56}
		{39A38478-56CE-4BA4-AB04-5A7C226FE8AF} = {80DDD467-E2BC-486F-A043-F96F570CAF56}
		{C789B70E-1682-4625-B4AF-6EBE36A40CD4} = {80DDD467-E2BC-486F-A043-F96F570CAF56}
		{5F69FD80-7336-4582-BE01-2E12D85ADAF5} = {80DDD467-E2BC-486F-A043-F96F570CAF56}
		{F0A2DE80-734D-4099-8A61-54828E247384} = {80DDD467-E2BC-486F-A043-F96F570CAF56}
		{ECF983FC-9053-482A-93C7-E1300E62AAA8} = {80DDD467-E2BC-486F-A043-F96F570CAF56}
		{C659A369-DA54-46DE-BFDC-D96D340108F2} = {80DDD467-E2BC-486F-A043-F96F570CAF56}
	EndGlobalSection
	GlobalSection(ExtensibilityGlobals) = postSolution
		SolutionGuid = {981DB016-92B7-44B6-B0B1-2FF3F62009D3}
	EndGlobalSection
	GlobalSection(TeamFoundationVersionControl) = preSolution
		SccNumberOfProjects = 27
		SccEnterpriseProvider = {4CA58AB2-18FA-4F8D-95D4-32DDF27D184C}
		SccTeamFoundationServer = http://192.168.1.7:8080/tfs/defaultcollection
		SccLocalPath0 = .
		SccProjectUniqueName1 = Sunnet.Cli.MainSite\\Sunnet.Cli.MainSite.csproj
		SccProjectName1 = Sunnet.Cli.MainSite
		SccLocalPath1 = Sunnet.Cli.MainSite
		SccProjectUniqueName2 = Sunnet.Framework\\Sunnet.Framework.csproj
		SccProjectTopLevelParentUniqueName2 = Sunnet.Cli.sln
		SccProjectName2 = Sunnet.Framework
		SccLocalPath2 = Sunnet.Framework
		SccProjectUniqueName3 = Sunnet.Cli.Core\\Sunnet.Cli.Core.csproj
		SccProjectTopLevelParentUniqueName3 = Sunnet.Cli.sln
		SccProjectName3 = Sunnet.Cli.Core
		SccLocalPath3 = Sunnet.Cli.Core
		SccProjectUniqueName4 = Sunnet.Cli.Impl\\Sunnet.Cli.Impl.csproj
		SccProjectTopLevelParentUniqueName4 = Sunnet.Cli.sln
		SccProjectName4 = Sunnet.Cli.Impl
		SccLocalPath4 = Sunnet.Cli.Impl
		SccProjectUniqueName5 = Sunnet.Cli.Business\\Sunnet.Cli.Business.csproj
		SccProjectTopLevelParentUniqueName5 = Sunnet.Cli.sln
		SccProjectName5 = Sunnet.Cli.Business
		SccLocalPath5 = Sunnet.Cli.Business
		SccProjectUniqueName6 = Sunnet.Cli.Static\\Sunnet.Cli.Static.csproj
		SccProjectName6 = Sunnet.Cli.Static
		SccLocalPath6 = Sunnet.Cli.Static
		SccProjectUniqueName7 = Sunnet.Cli.Assessment\\Sunnet.Cli.Assessment.csproj
		SccProjectName7 = Sunnet.Cli.Assessment
		SccLocalPath7 = Sunnet.Cli.Assessment
		SccProjectUniqueName8 = Sunnet.Cli.UIBase\\Sunnet.Cli.UIBase.csproj
		SccProjectName8 = Sunnet.Cli.UIBase
		SccLocalPath8 = Sunnet.Cli.UIBase
		SccProjectUniqueName9 = Sunnet.Cli.Sso\\Sunnet.Cli.Sso.csproj
		SccProjectName9 = Sunnet.Cli.Sso
		SccLocalPath9 = Sunnet.Cli.Sso
		SccProjectUniqueName10 = SqlServer\\SqlServer.csproj
		SccProjectName10 = SqlServer
		SccLocalPath10 = SqlServer
		SccProjectUniqueName11 = Sunnet.Cli.Test\\Sunnet.Cli.Test.csproj
		SccProjectTopLevelParentUniqueName11 = Sunnet.Cli.sln
		SccProjectName11 = Sunnet.Cli.Test
		SccLocalPath11 = Sunnet.Cli.Test
		SccProjectUniqueName12 = InvitationTeachers\\InvitationTeachers.csproj
		SccProjectTopLevelParentUniqueName12 = Sunnet.Cli.sln
		SccProjectName12 = InvitationTeachers
		SccLocalPath12 = InvitationTeachers
		SccProjectUniqueName13 = Sunnet.Cli.Vcw\\Sunnet.Cli.Vcw.csproj
		SccProjectName13 = Sunnet.Cli.Vcw
		SccLocalPath13 = Sunnet.Cli.Vcw
		SccProjectUniqueName14 = ReportQueue\\ReportQueue.csproj
		SccProjectTopLevelParentUniqueName14 = Sunnet.Cli.sln
		SccProjectName14 = ReportQueue
		SccLocalPath14 = ReportQueue
		SccProjectUniqueName15 = SyncUserToLms\\SyncUserToLms.csproj
		SccProjectTopLevelParentUniqueName15 = Sunnet.Cli.sln
		SccProjectName15 = SyncUserToLms
		SccLocalPath15 = SyncUserToLms
		SccProjectUniqueName16 = DataExport\\DataExport.csproj
		SccProjectTopLevelParentUniqueName16 = Sunnet.Cli.sln
		SccProjectName16 = DataExport
		SccLocalPath16 = DataExport
		SccProjectUniqueName17 = BUP\\BUP.csproj
		SccProjectTopLevelParentUniqueName17 = Sunnet.Cli.sln
		SccProjectName17 = BUP
		SccLocalPath17 = BUP
		SccProjectUniqueName18 = TestExcel\\TestExcel.csproj
		SccProjectTopLevelParentUniqueName18 = Sunnet.Cli.sln
		SccProjectName18 = TestExcel
		SccLocalPath18 = TestExcel
		SccProjectUniqueName19 = CpallsScore\\CpallsScore.csproj
		SccProjectTopLevelParentUniqueName19 = Sunnet.Cli.sln
		SccProjectName19 = CpallsScore
		SccLocalPath19 = CpallsScore
		SccProjectUniqueName20 = TsdsXmlFile\\TsdsXmlFile.csproj
		SccProjectTopLevelParentUniqueName20 = Sunnet.Cli.sln
		SccProjectName20 = TsdsXmlFile
		SccLocalPath20 = TsdsXmlFile
		SccProjectUniqueName21 = Trs_ReScore\\Trs_ReScore.csproj
		SccProjectTopLevelParentUniqueName21 = Sunnet.Cli.sln
		SccProjectName21 = Trs_ReScore
		SccLocalPath21 = Trs_ReScore
		SccProjectUniqueName22 = CutpointRescoring\\CutpointRescoring.csproj
		SccProjectTopLevelParentUniqueName22 = Sunnet.Cli.sln
		SccProjectName22 = CutpointRescoring
		SccLocalPath22 = CutpointRescoring
		SccProjectUniqueName23 = Sunnet.Cli.Practice\\Sunnet.Cli.Practice.csproj
		SccProjectName23 = Sunnet.Cli.Practice
		SccLocalPath23 = Sunnet.Cli.Practice
		SccProjectUniqueName24 = RandomTest\\RandomTest.csproj
		SccProjectTopLevelParentUniqueName24 = Sunnet.Cli.sln
		SccProjectName24 = RandomTest
		SccLocalPath24 = RandomTest
		SccProjectUniqueName25 = SyncTrainingRecord\\SyncTrainingRecord.csproj
		SccProjectTopLevelParentUniqueName25 = Sunnet.Cli.sln
		SccProjectName25 = SyncTrainingRecord
		SccLocalPath25 = SyncTrainingRecord
		SccProjectUniqueName26 = DataManagement\\DataManagement.csproj
		SccProjectTopLevelParentUniqueName26 = Sunnet.Cli.sln
		SccProjectName26 = DataManagement
		SccLocalPath26 = DataManagement
	EndGlobalSection
EndGlobal
